
Microsoft Visual Studio Solution File, Format Version 12.00
# Visual Studio Version 17
VisualStudioVersion = 17.3.32901.215
MinimumVisualStudioVersion = 10.0.40219.1
Project("{9A19103F-16F7-4668-BE54-9A1E7A4F7556}") = "loanCalculator", "loanCalculator\loanCalculator.csproj", "{0952F02D-E73A-43B7-86D0-846143164BF3}"
EndProject
Project("{FAE04EC0-301F-11D3-BF4B-00C04F79EFBC}") = "Aplication", "Aplication\Aplication.csproj", "{4EFFB37D-2A33-44C4-9202-1E06EB712FFD}"
EndProject
Global
	GlobalSection(SolutionConfigurationPlatforms) = preSolution
		Debug|Any CPU = Debug|Any CPU
		Release|Any CPU = Release|Any CPU
	EndGlobalSection
	GlobalSection(ProjectConfigurationPlatforms) = postSolution
		{0952F02D-E73A-43B7-86D0-846143164BF3}.Debug|Any CPU.ActiveCfg = Debug|Any CPU
		{0952F02D-E73A-43B7-86D0-846143164BF3}.Debug|Any CPU.Build.0 = Debug|Any CPU
		{0952F02D-E73A-43B7-86D0-846143164BF3}.Release|Any CPU.ActiveCfg = Release|Any CPU
		{0952F02D-E73A-43B7-86D0-846143164BF3}.Release|Any CPU.Build.0 = Release|Any CPU
		{4EFFB37D-2A33-44C4-9202-1E06EB712FFD}.Debug|Any CPU.ActiveCfg = Debug|Any CPU
		{4EFFB37D-2A33-44C4-9202-1E06EB712FFD}.Debug|Any CPU.Build.0 = Debug|Any CPU
		{4EFFB37D-2A33-44C4-9202-1E06EB712FFD}.Release|Any CPU.ActiveCfg = Release|Any CPU
		{4EFFB37D-2A33-44C4-9202-1E06EB712FFD}.Release|Any CPU.Build.0 = Release|Any CPU
	EndGlobalSection
	GlobalSection(SolutionProperties) = preSolution
		HideSolutionNode = FALSE
	EndGlobalSection
	GlobalSection(ExtensibilityGlobals) = postSolution
		SolutionGuid = {E1E4B642-98BA-427D-A221-EB36F96C9F99}
	EndGlobalSection
EndGlobal
