
Microsoft Visual Studio Solution File, Format Version 12.00
# Visual Studio Version 17
VisualStudioVersion = 17.3.32901.215
MinimumVisualStudioVersion = 10.0.40219.1
Project("{FAE04EC0-301F-11D3-BF4B-00C04F79EFBC}") = "currencyConverter", "currencyConverter\currencyConverter.csproj", "{FB954447-D435-4D3E-9461-C27A6E8698A1}"
EndProject
Project("{FAE04EC0-301F-11D3-BF4B-00C04F79EFBC}") = "Aplication", "Aplication\Aplication.csproj", "{48FD9CA0-8C5C-4C0C-B153-4091C0E5694B}"
EndProject
Global
	GlobalSection(SolutionConfigurationPlatforms) = preSolution
		Debug|Any CPU = Debug|Any CPU
		Release|Any CPU = Release|Any CPU
	EndGlobalSection
	GlobalSection(ProjectConfigurationPlatforms) = postSolution
		{FB954447-D435-4D3E-9461-C27A6E8698A1}.Debug|Any CPU.ActiveCfg = Debug|Any CPU
		{FB954447-D435-4D3E-9461-C27A6E8698A1}.Debug|Any CPU.Build.0 = Debug|Any CPU
		{FB954447-D435-4D3E-9461-C27A6E8698A1}.Release|Any CPU.ActiveCfg = Release|Any CPU
		{FB954447-D435-4D3E-9461-C27A6E8698A1}.Release|Any CPU.Build.0 = Release|Any CPU
		{48FD9CA0-8C5C-4C0C-B153-4091C0E5694B}.Debug|Any CPU.ActiveCfg = Debug|Any CPU
		{48FD9CA0-8C5C-4C0C-B153-4091C0E5694B}.Debug|Any CPU.Build.0 = Debug|Any CPU
		{48FD9CA0-8C5C-4C0C-B153-4091C0E5694B}.Release|Any CPU.ActiveCfg = Release|Any CPU
		{48FD9CA0-8C5C-4C0C-B153-4091C0E5694B}.Release|Any CPU.Build.0 = Release|Any CPU
	EndGlobalSection
	GlobalSection(SolutionProperties) = preSolution
		HideSolutionNode = FALSE
	EndGlobalSection
	GlobalSection(ExtensibilityGlobals) = postSolution
		SolutionGuid = {6C178587-2D72-490E-9A49-95040AE7872B}
	EndGlobalSection
EndGlobal
