
Microsoft Visual Studio Solution File, Format Version 12.00
# Visual Studio Version 17
VisualStudioVersion = 17.3.32901.215
MinimumVisualStudioVersion = 10.0.40219.1
Project("{9A19103F-16F7-4668-BE54-9A1E7A4F7556}") = "Pokedex", "Pokedex\Pokedex.csproj", "{6A119CB4-2157-4B67-A21F-C2E59DC0331C}"
EndProject
Project("{9A19103F-16F7-4668-BE54-9A1E7A4F7556}") = "Pokedex.infraestruture.Persistence", "DataBase\Pokedex.infraestruture.Persistence.csproj", "{102F355C-ED18-455E-9F08-6C3F35C8E1C3}"
EndProject
Project("{9A19103F-16F7-4668-BE54-9A1E7A4F7556}") = "Pokedex.core.Application", "Applications\Pokedex.core.Application.csproj", "{987D64BE-6E87-4C10-8A24-1F587BD5B6EC}"
EndProject
Project("{2150E333-8FDC-42A3-9474-1A3956D46DE8}") = "Sourcer", "Sourcer", "{4106CD07-7409-4CCA-8B69-20AE3C1E7EBA}"
EndProject
Project("{2150E333-8FDC-42A3-9474-1A3956D46DE8}") = "core", "core", "{DDC3D8B7-65E0-4AA8-B4F8-A2DDB9616A27}"
EndProject
Project("{2150E333-8FDC-42A3-9474-1A3956D46DE8}") = "Infraestruture", "Infraestruture", "{7E94C149-BFC7-4D9D-A409-14D0A757BCE9}"
EndProject
Project("{2150E333-8FDC-42A3-9474-1A3956D46DE8}") = "Presentation", "Presentation", "{3A892F38-B40C-4F69-B93A-FBA290C61A1A}"
EndProject
Project("{2150E333-8FDC-42A3-9474-1A3956D46DE8}") = "WebApp", "WebApp", "{B9CBFC9B-B973-4CAD-8B01-0A9BF7C59861}"
EndProject
Project("{FAE04EC0-301F-11D3-BF4B-00C04F79EFBC}") = "Pokedex.core.Domain", "Pokedex.core.Domain\Pokedex.core.Domain.csproj", "{B0E51C89-5997-46FE-A565-4EC1CB8E2B90}"
EndProject
Global
	GlobalSection(SolutionConfigurationPlatforms) = preSolution
		Debug|Any CPU = Debug|Any CPU
		Release|Any CPU = Release|Any CPU
	EndGlobalSection
	GlobalSection(ProjectConfigurationPlatforms) = postSolution
		{6A119CB4-2157-4B67-A21F-C2E59DC0331C}.Debug|Any CPU.ActiveCfg = Debug|Any CPU
		{6A119CB4-2157-4B67-A21F-C2E59DC0331C}.Debug|Any CPU.Build.0 = Debug|Any CPU
		{6A119CB4-2157-4B67-A21F-C2E59DC0331C}.Release|Any CPU.ActiveCfg = Release|Any CPU
		{6A119CB4-2157-4B67-A21F-C2E59DC0331C}.Release|Any CPU.Build.0 = Release|Any CPU
		{102F355C-ED18-455E-9F08-6C3F35C8E1C3}.Debug|Any CPU.ActiveCfg = Debug|Any CPU
		{102F355C-ED18-455E-9F08-6C3F35C8E1C3}.Debug|Any CPU.Build.0 = Debug|Any CPU
		{102F355C-ED18-455E-9F08-6C3F35C8E1C3}.Release|Any CPU.ActiveCfg = Release|Any CPU
		{102F355C-ED18-455E-9F08-6C3F35C8E1C3}.Release|Any CPU.Build.0 = Release|Any CPU
		{987D64BE-6E87-4C10-8A24-1F587BD5B6EC}.Debug|Any CPU.ActiveCfg = Debug|Any CPU
		{987D64BE-6E87-4C10-8A24-1F587BD5B6EC}.Debug|Any CPU.Build.0 = Debug|Any CPU
		{987D64BE-6E87-4C10-8A24-1F587BD5B6EC}.Release|Any CPU.ActiveCfg = Release|Any CPU
		{987D64BE-6E87-4C10-8A24-1F587BD5B6EC}.Release|Any CPU.Build.0 = Release|Any CPU
		{B0E51C89-5997-46FE-A565-4EC1CB8E2B90}.Debug|Any CPU.ActiveCfg = Debug|Any CPU
		{B0E51C89-5997-46FE-A565-4EC1CB8E2B90}.Debug|Any CPU.Build.0 = Debug|Any CPU
		{B0E51C89-5997-46FE-A565-4EC1CB8E2B90}.Release|Any CPU.ActiveCfg = Release|Any CPU
		{B0E51C89-5997-46FE-A565-4EC1CB8E2B90}.Release|Any CPU.Build.0 = Release|Any CPU
	EndGlobalSection
	GlobalSection(SolutionProperties) = preSolution
		HideSolutionNode = FALSE
	EndGlobalSection
	GlobalSection(NestedProjects) = preSolution
		{6A119CB4-2157-4B67-A21F-C2E59DC0331C} = {B9CBFC9B-B973-4CAD-8B01-0A9BF7C59861}
		{102F355C-ED18-455E-9F08-6C3F35C8E1C3} = {7E94C149-BFC7-4D9D-A409-14D0A757BCE9}
		{987D64BE-6E87-4C10-8A24-1F587BD5B6EC} = {DDC3D8B7-65E0-4AA8-B4F8-A2DDB9616A27}
		{DDC3D8B7-65E0-4AA8-B4F8-A2DDB9616A27} = {4106CD07-7409-4CCA-8B69-20AE3C1E7EBA}
		{7E94C149-BFC7-4D9D-A409-14D0A757BCE9} = {4106CD07-7409-4CCA-8B69-20AE3C1E7EBA}
		{3A892F38-B40C-4F69-B93A-FBA290C61A1A} = {4106CD07-7409-4CCA-8B69-20AE3C1E7EBA}
		{B9CBFC9B-B973-4CAD-8B01-0A9BF7C59861} = {3A892F38-B40C-4F69-B93A-FBA290C61A1A}
		{B0E51C89-5997-46FE-A565-4EC1CB8E2B90} = {DDC3D8B7-65E0-4AA8-B4F8-A2DDB9616A27}
	EndGlobalSection
	GlobalSection(ExtensibilityGlobals) = postSolution
		SolutionGuid = {34868718-EF57-4C80-BE57-63C1617E5C01}
	EndGlobalSection
EndGlobal
